
Microsoft Visual Studio Solution File, Format Version 12.00
# Visual Studio 15
VisualStudioVersion = 15.0.28307.102
MinimumVisualStudioVersion = 10.0.40219.1
Project("{FAE04EC0-301F-11D3-BF4B-00C04F79EFBC}") = "Project", "Project\Project.csproj", "{49954555-C42F-4E6B-A7B7-0A0A2008A9CD}"
EndProject
Global
	GlobalSection(SolutionConfigurationPlatforms) = preSolution
		Debug|Any CPU = Debug|Any CPU
		Release|Any CPU = Release|Any CPU
	EndGlobalSection
	GlobalSection(ProjectConfigurationPlatforms) = postSolution
		{49954555-C42F-4E6B-A7B7-0A0A2008A9CD}.Debug|Any CPU.ActiveCfg = Debug|Any CPU
		{49954555-C42F-4E6B-A7B7-0A0A2008A9CD}.Debug|Any CPU.Build.0 = Debug|Any CPU
		{49954555-C42F-4E6B-A7B7-0A0A2008A9CD}.Release|Any CPU.ActiveCfg = Release|Any CPU
		{49954555-C42F-4E6B-A7B7-0A0A2008A9CD}.Release|Any CPU.Build.0 = Release|Any CPU
	EndGlobalSection
	GlobalSection(SolutionProperties) = preSolution
		HideSolutionNode = FALSE
	EndGlobalSection
	GlobalSection(ExtensibilityGlobals) = postSolution
		SolutionGuid = {76AE9AD3-F336-4717-AABF-D640399E32C7}
	EndGlobalSection
EndGlobal
